// !$*UTF8*$!
{
	archiveVersion = 1;
	classes = {
	};
	objectVersion = 46;
	objects = {

/* Begin PBXBuildFile section */
		6E12136B1CDB138A006CE95D /* AppDelegate.swift in Sources */ = {isa = PBXBuildFile; fileRef = 6E12136A1CDB138A006CE95D /* AppDelegate.swift */; };
		6E12136D1CDB138A006CE95D /* ViewController.swift in Sources */ = {isa = PBXBuildFile; fileRef = 6E12136C1CDB138A006CE95D /* ViewController.swift */; };
		6E1213701CDB138A006CE95D /* Main.storyboard in Resources */ = {isa = PBXBuildFile; fileRef = 6E12136E1CDB138A006CE95D /* Main.storyboard */; };
		6E1213721CDB138A006CE95D /* Assets.xcassets in Resources */ = {isa = PBXBuildFile; fileRef = 6E1213711CDB138A006CE95D /* Assets.xcassets */; };
		6E1213751CDB138A006CE95D /* LaunchScreen.storyboard in Resources */ = {isa = PBXBuildFile; fileRef = 6E1213731CDB138A006CE95D /* LaunchScreen.storyboard */; };
		6E1213801CDB138A006CE95D /* myNotificationTests.swift in Sources */ = {isa = PBXBuildFile; fileRef = 6E12137F1CDB138A006CE95D /* myNotificationTests.swift */; };
		6E12138B1CDB138A006CE95D /* myNotificationUITests.swift in Sources */ = {isa = PBXBuildFile; fileRef = 6E12138A1CDB138A006CE95D /* myNotificationUITests.swift */; };
		6E1213991CDB13E9006CE95D /* Notification.swift in Sources */ = {isa = PBXBuildFile; fileRef = 6E1213981CDB13E9006CE95D /* Notification.swift */; };
/* End PBXBuildFile section */

/* Begin PBXContainerItemProxy section */
		6E12137C1CDB138A006CE95D /* PBXContainerItemProxy */ = {
			isa = PBXContainerItemProxy;
			containerPortal = 6E12135F1CDB1389006CE95D /* Project object */;
			proxyType = 1;
			remoteGlobalIDString = 6E1213661CDB138A006CE95D;
			remoteInfo = myNotification;
		};
		6E1213871CDB138A006CE95D /* PBXContainerItemProxy */ = {
			isa = PBXContainerItemProxy;
			containerPortal = 6E12135F1CDB1389006CE95D /* Project object */;
			proxyType = 1;
			remoteGlobalIDString = 6E1213661CDB138A006CE95D;
			remoteInfo = myNotification;
		};
/* End PBXContainerItemProxy section */

/* Begin PBXFileReference section */
		6E1213671CDB138A006CE95D /* myNotification.app */ = {isa = PBXFileReference; explicitFileType = wrapper.application; includeInIndex = 0; path = myNotification.app; sourceTree = BUILT_PRODUCTS_DIR; };
		6E12136A1CDB138A006CE95D /* AppDelegate.swift */ = {isa = PBXFileReference; lastKnownFileType = sourcecode.swift; path = AppDelegate.swift; sourceTree = "<group>"; };
		6E12136C1CDB138A006CE95D /* ViewController.swift */ = {isa = PBXFileReference; lastKnownFileType = sourcecode.swift; path = ViewController.swift; sourceTree = "<group>"; };
		6E12136F1CDB138A006CE95D /* Base */ = {isa = PBXFileReference; lastKnownFileType = file.storyboard; name = Base; path = Base.lproj/Main.storyboard; sourceTree = "<group>"; };
		6E1213711CDB138A006CE95D /* Assets.xcassets */ = {isa = PBXFileReference; lastKnownFileType = folder.assetcatalog; path = Assets.xcassets; sourceTree = "<group>"; };
		6E1213741CDB138A006CE95D /* Base */ = {isa = PBXFileReference; lastKnownFileType = file.storyboard; name = Base; path = Base.lproj/LaunchScreen.storyboard; sourceTree = "<group>"; };
		6E1213761CDB138A006CE95D /* Info.plist */ = {isa = PBXFileReference; lastKnownFileType = text.plist.xml; path = Info.plist; sourceTree = "<group>"; };
		6E12137B1CDB138A006CE95D /* myNotificationTests.xctest */ = {isa = PBXFileReference; explicitFileType = wrapper.cfbundle; includeInIndex = 0; path = myNotificationTests.xctest; sourceTree = BUILT_PRODUCTS_DIR; };
		6E12137F1CDB138A006CE95D /* myNotificationTests.swift */ = {isa = PBXFileReference; lastKnownFileType = sourcecode.swift; path = myNotificationTests.swift; sourceTree = "<group>"; };
		6E1213811CDB138A006CE95D /* Info.plist */ = {isa = PBXFileReference; lastKnownFileType = text.plist.xml; path = Info.plist; sourceTree = "<group>"; };
		6E1213861CDB138A006CE95D /* myNotificationUITests.xctest */ = {isa = PBXFileReference; explicitFileType = wrapper.cfbundle; includeInIndex = 0; path = myNotificationUITests.xctest; sourceTree = BUILT_PRODUCTS_DIR; };
		6E12138A1CDB138A006CE95D /* myNotificationUITests.swift */ = {isa = PBXFileReference; lastKnownFileType = sourcecode.swift; path = myNotificationUITests.swift; sourceTree = "<group>"; };
		6E12138C1CDB138A006CE95D /* Info.plist */ = {isa = PBXFileReference; lastKnownFileType = text.plist.xml; path = Info.plist; sourceTree = "<group>"; };
		6E1213981CDB13E9006CE95D /* Notification.swift */ = {isa = PBXFileReference; fileEncoding = 4; lastKnownFileType = sourcecode.swift; path = Notification.swift; sourceTree = "<group>"; };
/* End PBXFileReference section */

/* Begin PBXFrameworksBuildPhase section */
		6E1213641CDB138A006CE95D /* Frameworks */ = {
			isa = PBXFrameworksBuildPhase;
			buildActionMask = 2147483647;
			files = (
			);
			runOnlyForDeploymentPostprocessing = 0;
		};
		6E1213781CDB138A006CE95D /* Frameworks */ = {
			isa = PBXFrameworksBuildPhase;
			buildActionMask = 2147483647;
			files = (
			);
			runOnlyForDeploymentPostprocessing = 0;
		};
		6E1213831CDB138A006CE95D /* Frameworks */ = {
			isa = PBXFrameworksBuildPhase;
			buildActionMask = 2147483647;
			files = (
			);
			runOnlyForDeploymentPostprocessing = 0;
		};
/* End PBXFrameworksBuildPhase section */

/* Begin PBXGroup section */
		6E12135E1CDB1389006CE95D = {
			isa = PBXGroup;
			children = (
				6E1213691CDB138A006CE95D /* myNotification */,
				6E12137E1CDB138A006CE95D /* myNotificationTests */,
				6E1213891CDB138A006CE95D /* myNotificationUITests */,
				6E1213681CDB138A006CE95D /* Products */,
			);
			sourceTree = "<group>";
		};
		6E1213681CDB138A006CE95D /* Products */ = {
			isa = PBXGroup;
			children = (
				6E1213671CDB138A006CE95D /* myNotification.app */,
				6E12137B1CDB138A006CE95D /* myNotificationTests.xctest */,
				6E1213861CDB138A006CE95D /* myNotificationUITests.xctest */,
			);
			name = Products;
			sourceTree = "<group>";
		};
		6E1213691CDB138A006CE95D /* myNotification */ = {
			isa = PBXGroup;
			children = (
				6E12136A1CDB138A006CE95D /* AppDelegate.swift */,
				6E12136C1CDB138A006CE95D /* ViewController.swift */,
				6E12136E1CDB138A006CE95D /* Main.storyboard */,
				6E1213711CDB138A006CE95D /* Assets.xcassets */,
				6E1213731CDB138A006CE95D /* LaunchScreen.storyboard */,
				6E1213761CDB138A006CE95D /* Info.plist */,
				6E1213981CDB13E9006CE95D /* Notification.swift */,
			);
			path = myNotification;
			sourceTree = "<group>";
		};
		6E12137E1CDB138A006CE95D /* myNotificationTests */ = {
			isa = PBXGroup;
			children = (
				6E12137F1CDB138A006CE95D /* myNotificationTests.swift */,
				6E1213811CDB138A006CE95D /* Info.plist */,
			);
			path = myNotificationTests;
			sourceTree = "<group>";
		};
		6E1213891CDB138A006CE95D /* myNotificationUITests */ = {
			isa = PBXGroup;
			children = (
				6E12138A1CDB138A006CE95D /* myNotificationUITests.swift */,
				6E12138C1CDB138A006CE95D /* Info.plist */,
			);
			path = myNotificationUITests;
			sourceTree = "<group>";
		};
/* End PBXGroup section */

/* Begin PBXNativeTarget section */
		6E1213661CDB138A006CE95D /* myNotification */ = {
			isa = PBXNativeTarget;
			buildConfigurationList = 6E12138F1CDB138A006CE95D /* Build configuration list for PBXNativeTarget "myNotification" */;
			buildPhases = (
				6E1213631CDB138A006CE95D /* Sources */,
				6E1213641CDB138A006CE95D /* Frameworks */,
				6E1213651CDB138A006CE95D /* Resources */,
			);
			buildRules = (
			);
			dependencies = (
			);
			name = myNotification;
			productName = myNotification;
			productReference = 6E1213671CDB138A006CE95D /* myNotification.app */;
			productType = "com.apple.product-type.application";
		};
		6E12137A1CDB138A006CE95D /* myNotificationTests */ = {
			isa = PBXNativeTarget;
			buildConfigurationList = 6E1213921CDB138A006CE95D /* Build configuration list for PBXNativeTarget "myNotificationTests" */;
			buildPhases = (
				6E1213771CDB138A006CE95D /* Sources */,
				6E1213781CDB138A006CE95D /* Frameworks */,
				6E1213791CDB138A006CE95D /* Resources */,
			);
			buildRules = (
			);
			dependencies = (
				6E12137D1CDB138A006CE95D /* PBXTargetDependency */,
			);
			name = myNotificationTests;
			productName = myNotificationTests;
			productReference = 6E12137B1CDB138A006CE95D /* myNotificationTests.xctest */;
			productType = "com.apple.product-type.bundle.unit-test";
		};
		6E1213851CDB138A006CE95D /* myNotificationUITests */ = {
			isa = PBXNativeTarget;
			buildConfigurationList = 6E1213951CDB138A006CE95D /* Build configuration list for PBXNativeTarget "myNotificationUITests" */;
			buildPhases = (
				6E1213821CDB138A006CE95D /* Sources */,
				6E1213831CDB138A006CE95D /* Frameworks */,
				6E1213841CDB138A006CE95D /* Resources */,
			);
			buildRules = (
			);
			dependencies = (
				6E1213881CDB138A006CE95D /* PBXTargetDependency */,
			);
			name = myNotificationUITests;
			productName = myNotificationUITests;
			productReference = 6E1213861CDB138A006CE95D /* myNotificationUITests.xctest */;
			productType = "com.apple.product-type.bundle.ui-testing";
		};
/* End PBXNativeTarget section */

/* Begin PBXProject section */
		6E12135F1CDB1389006CE95D /* Project object */ = {
			isa = PBXProject;
			attributes = {
				LastSwiftUpdateCheck = 0730;
				LastUpgradeCheck = 0730;
				ORGANIZATIONNAME = study;
				TargetAttributes = {
					6E1213661CDB138A006CE95D = {
						CreatedOnToolsVersion = 7.3;
						DevelopmentTeam = 72KK8XSC42;
					};
					6E12137A1CDB138A006CE95D = {
						CreatedOnToolsVersion = 7.3;
						DevelopmentTeam = 72KK8XSC42;
						TestTargetID = 6E1213661CDB138A006CE95D;
					};
					6E1213851CDB138A006CE95D = {
						CreatedOnToolsVersion = 7.3;
						DevelopmentTeam = 72KK8XSC42;
						TestTargetID = 6E1213661CDB138A006CE95D;
					};
				};
			};
			buildConfigurationList = 6E1213621CDB1389006CE95D /* Build configuration list for PBXProject "myNotification" */;
			compatibilityVersion = "Xcode 3.2";
			developmentRegion = English;
			hasScannedForEncodings = 0;
			knownRegions = (
				en,
				Base,
			);
			mainGroup = 6E12135E1CDB1389006CE95D;
			productRefGroup = 6E1213681CDB138A006CE95D /* Products */;
			projectDirPath = "";
			projectRoot = "";
			targets = (
				6E1213661CDB138A006CE95D /* myNotification */,
				6E12137A1CDB138A006CE95D /* myNotificationTests */,
				6E1213851CDB138A006CE95D /* myNotificationUITests */,
			);
		};
/* End PBXProject section */

/* Begin PBXResourcesBuildPhase section */
		6E1213651CDB138A006CE95D /* Resources */ = {
			isa = PBXResourcesBuildPhase;
			buildActionMask = 2147483647;
			files = (
				6E1213751CDB138A006CE95D /* LaunchScreen.storyboard in Resources */,
				6E1213721CDB138A006CE95D /* Assets.xcassets in Resources */,
				6E1213701CDB138A006CE95D /* Main.storyboard in Resources */,
			);
			runOnlyForDeploymentPostprocessing = 0;
		};
		6E1213791CDB138A006CE95D /* Resources */ = {
			isa = PBXResourcesBuildPhase;
			buildActionMask = 2147483647;
			files = (
			);
			runOnlyForDeploymentPostprocessing = 0;
		};
		6E1213841CDB138A006CE95D /* Resources */ = {
			isa = PBXResourcesBuildPhase;
			buildActionMask = 2147483647;
			files = (
			);
			runOnlyForDeploymentPostprocessing = 0;
		};
/* End PBXResourcesBuildPhase section */

/* Begin PBXSourcesBuildPhase section */
		6E1213631CDB138A006CE95D /* Sources */ = {
			isa = PBXSourcesBuildPhase;
			buildActionMask = 2147483647;
			files = (
				6E12136D1CDB138A006CE95D /* ViewController.swift in Sources */,
				6E12136B1CDB138A006CE95D /* AppDelegate.swift in Sources */,
				6E1213991CDB13E9006CE95D /* Notification.swift in Sources */,
			);
			runOnlyForDeploymentPostprocessing = 0;
		};
		6E1213771CDB138A006CE95D /* Sources */ = {
			isa = PBXSourcesBuildPhase;
			buildActionMask = 2147483647;
			files = (
				6E1213801CDB138A006CE95D /* myNotificationTests.swift in Sources */,
			);
			runOnlyForDeploymentPostprocessing = 0;
		};
		6E1213821CDB138A006CE95D /* Sources */ = {
			isa = PBXSourcesBuildPhase;
			buildActionMask = 2147483647;
			files = (
				6E12138B1CDB138A006CE95D /* myNotificationUITests.swift in Sources */,
			);
			runOnlyForDeploymentPostprocessing = 0;
		};
/* End PBXSourcesBuildPhase section */

/* Begin PBXTargetDependency section */
		6E12137D1CDB138A006CE95D /* PBXTargetDependency */ = {
			isa = PBXTargetDependency;
			target = 6E1213661CDB138A006CE95D /* myNotification */;
			targetProxy = 6E12137C1CDB138A006CE95D /* PBXContainerItemProxy */;
		};
		6E1213881CDB138A006CE95D /* PBXTargetDependency */ = {
			isa = PBXTargetDependency;
			target = 6E1213661CDB138A006CE95D /* myNotification */;
			targetProxy = 6E1213871CDB138A006CE95D /* PBXContainerItemProxy */;
		};
/* End PBXTargetDependency section */

/* Begin PBXVariantGroup section */
		6E12136E1CDB138A006CE95D /* Main.storyboard */ = {
			isa = PBXVariantGroup;
			children = (
				6E12136F1CDB138A006CE95D /* Base */,
			);
			name = Main.storyboard;
			sourceTree = "<group>";
		};
		6E1213731CDB138A006CE95D /* LaunchScreen.storyboard */ = {
			isa = PBXVariantGroup;
			children = (
				6E1213741CDB138A006CE95D /* Base */,
			);
			name = LaunchScreen.storyboard;
			sourceTree = "<group>";
		};
/* End PBXVariantGroup section */

/* Begin XCBuildConfiguration section */
		6E12138D1CDB138A006CE95D /* Debug */ = {
			isa = XCBuildConfiguration;
			buildSettings = {
				ALWAYS_SEARCH_USER_PATHS = NO;
				CLANG_ANALYZER_NONNULL = YES;
				CLANG_CXX_LANGUAGE_STANDARD = "gnu++0x";
				CLANG_CXX_LIBRARY = "libc++";
				CLANG_ENABLE_MODULES = YES;
				CLANG_ENABLE_OBJC_ARC = YES;
				CLANG_WARN_BOOL_CONVERSION = YES;
				CLANG_WARN_CONSTANT_CONVERSION = YES;
				CLANG_WARN_DIRECT_OBJC_ISA_USAGE = YES_ERROR;
				CLANG_WARN_EMPTY_BODY = YES;
				CLANG_WARN_ENUM_CONVERSION = YES;
				CLANG_WARN_INT_CONVERSION = YES;
				CLANG_WARN_OBJC_ROOT_CLASS = YES_ERROR;
				CLANG_WARN_UNREACHABLE_CODE = YES;
				CLANG_WARN__DUPLICATE_METHOD_MATCH = YES;
				"CODE_SIGN_IDENTITY[sdk=iphoneos*]" = "iPhone Developer";
				COPY_PHASE_STRIP = NO;
				DEBUG_INFORMATION_FORMAT = dwarf;
				ENABLE_STRICT_OBJC_MSGSEND = YES;
				ENABLE_TESTABILITY = YES;
				GCC_C_LANGUAGE_STANDARD = gnu99;
				GCC_DYNAMIC_NO_PIC = NO;
				GCC_NO_COMMON_BLOCKS = YES;
				GCC_OPTIMIZATION_LEVEL = 0;
				GCC_PREPROCESSOR_DEFINITIONS = (
					"DEBUG=1",
					"$(inherited)",
				);
				GCC_WARN_64_TO_32_BIT_CONVERSION = YES;
				GCC_WARN_ABOUT_RETURN_TYPE = YES_ERROR;
				GCC_WARN_UNDECLARED_SELECTOR = YES;
				GCC_WARN_UNINITIALIZED_AUTOS = YES_AGGRESSIVE;
				GCC_WARN_UNUSED_FUNCTION = YES;
				GCC_WARN_UNUSED_VARIABLE = YES;
				IPHONEOS_DEPLOYMENT_TARGET = 9.3;
				MTL_ENABLE_DEBUG_INFO = YES;
				ONLY_ACTIVE_ARCH = YES;
				SDKROOT = iphoneos;
				SWIFT_OPTIMIZATION_LEVEL = "-Onone";
			};
			name = Debug;
		};
		6E12138E1CDB138A006CE95D /* Release */ = {
			isa = XCBuildConfiguration;
			buildSettings = {
				ALWAYS_SEARCH_USER_PATHS = NO;
				CLANG_ANALYZER_NONNULL = YES;
				CLANG_CXX_LANGUAGE_STANDARD = "gnu++0x";
				CLANG_CXX_LIBRARY = "libc++";
				CLANG_ENABLE_MODULES = YES;
				CLANG_ENABLE_OBJC_ARC = YES;
				CLANG_WARN_BOOL_CONVERSION = YES;
				CLANG_WARN_CONSTANT_CONVERSION = YES;
				CLANG_WARN_DIRECT_OBJC_ISA_USAGE = YES_ERROR;
				CLANG_WARN_EMPTY_BODY = YES;
				CLANG_WARN_ENUM_CONVERSION = YES;
				CLANG_WARN_INT_CONVERSION = YES;
				CLANG_WARN_OBJC_ROOT_CLASS = YES_ERROR;
				CLANG_WARN_UNREACHABLE_CODE = YES;
				CLANG_WARN__DUPLICATE_METHOD_MATCH = YES;
				"CODE_SIGN_IDENTITY[sdk=iphoneos*]" = "iPhone Developer";
				COPY_PHASE_STRIP = NO;
				DEBUG_INFORMATION_FORMAT = "dwarf-with-dsym";
				ENABLE_NS_ASSERTIONS = NO;
				ENABLE_STRICT_OBJC_MSGSEND = YES;
				GCC_C_LANGUAGE_STANDARD = gnu99;
				GCC_NO_COMMON_BLOCKS = YES;
				GCC_WARN_64_TO_32_BIT_CONVERSION = YES;
				GCC_WARN_ABOUT_RETURN_TYPE = YES_ERROR;
				GCC_WARN_UNDECLARED_SELECTOR = YES;
				GCC_WARN_UNINITIALIZED_AUTOS = YES_AGGRESSIVE;
				GCC_WARN_UNUSED_FUNCTION = YES;
				GCC_WARN_UNUSED_VARIABLE = YES;
				IPHONEOS_DEPLOYMENT_TARGET = 9.3;
				MTL_ENABLE_DEBUG_INFO = NO;
				SDKROOT = iphoneos;
				VALIDATE_PRODUCT = YES;
			};
			name = Release;
		};
		6E1213901CDB138A006CE95D /* Debug */ = {
			isa = XCBuildConfiguration;
			buildSettings = {
				ASSETCATALOG_COMPILER_APPICON_NAME = AppIcon;
				INFOPLIST_FILE = myNotification/Info.plist;
				LD_RUNPATH_SEARCH_PATHS = "$(inherited) @executable_path/Frameworks";
				PRODUCT_BUNDLE_IDENTIFIER = kaz.myNotification;
				PRODUCT_NAME = "$(TARGET_NAME)";
			};
			name = Debug;
		};
		6E1213911CDB138A006CE95D /* Release */ = {
			isa = XCBuildConfiguration;
			buildSettings = {
				ASSETCATALOG_COMPILER_APPICON_NAME = AppIcon;
				INFOPLIST_FILE = myNotification/Info.plist;
				LD_RUNPATH_SEARCH_PATHS = "$(inherited) @executable_path/Frameworks";
				PRODUCT_BUNDLE_IDENTIFIER = kaz.myNotification;
				PRODUCT_NAME = "$(TARGET_NAME)";
			};
			name = Release;
		};
		6E1213931CDB138A006CE95D /* Debug */ = {
			isa = XCBuildConfiguration;
			buildSettings = {
				BUNDLE_LOADER = "$(TEST_HOST)";
				INFOPLIST_FILE = myNotificationTests/Info.plist;
				LD_RUNPATH_SEARCH_PATHS = "$(inherited) @executable_path/Frameworks @loader_path/Frameworks";
				PRODUCT_BUNDLE_IDENTIFIER = kaz.myNotificationTests;
				PRODUCT_NAME = "$(TARGET_NAME)";
				TEST_HOST = "$(BUILT_PRODUCTS_DIR)/myNotification.app/myNotification";
			};
			name = Debug;
		};
		6E1213941CDB138A006CE95D /* Release */ = {
			isa = XCBuildConfiguration;
			buildSettings = {
				BUNDLE_LOADER = "$(TEST_HOST)";
				INFOPLIST_FILE = myNotificationTests/Info.plist;
				LD_RUNPATH_SEARCH_PATHS = "$(inherited) @executable_path/Frameworks @loader_path/Frameworks";
				PRODUCT_BUNDLE_IDENTIFIER = kaz.myNotificationTests;
				PRODUCT_NAME = "$(TARGET_NAME)";
				TEST_HOST = "$(BUILT_PRODUCTS_DIR)/myNotification.app/myNotification";
			};
			name = Release;
		};
		6E1213961CDB138A006CE95D /* Debug */ = {
			isa = XCBuildConfiguration;
			buildSettings = {
				INFOPLIST_FILE = myNotificationUITests/Info.plist;
				LD_RUNPATH_SEARCH_PATHS = "$(inherited) @executable_path/Frameworks @loader_path/Frameworks";
				PRODUCT_BUNDLE_IDENTIFIER = kaz.myNotificationUITests;
				PRODUCT_NAME = "$(TARGET_NAME)";
				TEST_TARGET_NAME = myNotification;
			};
			name = Debug;
		};
		6E1213971CDB138A006CE95D /* Release */ = {
			isa = XCBuildConfiguration;
			buildSettings = {
				INFOPLIST_FILE = myNotificationUITests/Info.plist;
				LD_RUNPATH_SEARCH_PATHS = "$(inherited) @executable_path/Frameworks @loader_path/Frameworks";
				PRODUCT_BUNDLE_IDENTIFIER = kaz.myNotificationUITests;
				PRODUCT_NAME = "$(TARGET_NAME)";
				TEST_TARGET_NAME = myNotification;
			};
			name = Release;
		};
/* End XCBuildConfiguration section */

/* Begin XCConfigurationList section */
		6E1213621CDB1389006CE95D /* Build configuration list for PBXProject "myNotification" */ = {
			isa = XCConfigurationList;
			buildConfigurations = (
				6E12138D1CDB138A006CE95D /* Debug */,
				6E12138E1CDB138A006CE95D /* Release */,
			);
			defaultConfigurationIsVisible = 0;
			defaultConfigurationName = Release;
		};
		6E12138F1CDB138A006CE95D /* Build configuration list for PBXNativeTarget "myNotification" */ = {
			isa = XCConfigurationList;
			buildConfigurations = (
				6E1213901CDB138A006CE95D /* Debug */,
				6E1213911CDB138A006CE95D /* Release */,
			);
			defaultConfigurationIsVisible = 0;
		};
		6E1213921CDB138A006CE95D /* Build configuration list for PBXNativeTarget "myNotificationTests" */ = {
			isa = XCConfigurationList;
			buildConfigurations = (
				6E1213931CDB138A006CE95D /* Debug */,
				6E1213941CDB138A006CE95D /* Release */,
			);
			defaultConfigurationIsVisible = 0;
		};
		6E1213951CDB138A006CE95D /* Build configuration list for PBXNativeTarget "myNotificationUITests" */ = {
			isa = XCConfigurationList;
			buildConfigurations = (
				6E1213961CDB138A006CE95D /* Debug */,
				6E1213971CDB138A006CE95D /* Release */,
			);
			defaultConfigurationIsVisible = 0;
		};
/* End XCConfigurationList section */
	};
	rootObject = 6E12135F1CDB1389006CE95D /* Project object */;
}
